{
    "_meta": {
        "hash": {
            "sha256": "dfe2a23720d96778cf9a423971264f018fd7f2c91bd6654010471ab880318bd6"
        },
        "pipfile-spec": 6,
        "requires": {
            "python_version": "3.7"
        },
        "sources": [
            {
                "name": "pypi",
                "url": "https://pypi.org/simple",
                "verify_ssl": true
            }
        ]
    },
    "default": {
        "joblib": {
            "hashes": [
                "sha256:21e0c34a69ad7fde4f2b1f3402290e9ec46f545f15f1541c582edfe05d87b63a",
                "sha256:315d6b19643ec4afd4c41c671f9f2d65ea9d787da093487a81ead7b0bac94524"
            ],
            "version": "==0.13.2"
        },
        "numpy": {
            "hashes": [
                "sha256:05dbfe72684cc14b92568de1bc1f41e5f62b00f714afc9adee42f6311738091f",
                "sha256:0d82cb7271a577529d07bbb05cb58675f2deb09772175fab96dc8de025d8ac05",
                "sha256:10132aa1fef99adc85a905d82e8497a580f83739837d7cbd234649f2e9b9dc58",
                "sha256:12322df2e21f033a60c80319c25011194cd2a21294cc66fee0908aeae2c27832",
                "sha256:16f19b3aa775dddc9814e02a46b8e6ae6a54ed8cf143962b4e53f0471dbd7b16",
                "sha256:3d0b0989dd2d066db006158de7220802899a1e5c8cf622abe2d0bd158fd01c2c",
                "sha256:438a3f0e7b681642898fd7993d38e2bf140a2d1eafaf3e89bb626db7f50db355",
                "sha256:5fd214f482ab53f2cea57414c5fb3e58895b17df6e6f5bca5be6a0bb6aea23bb",
                "sha256:73615d3edc84dd7c4aeb212fa3748fb83217e00d201875a47327f55363cef2df",
                "sha256:7bd355ad7496f4ce1d235e9814ec81ee3d28308d591c067ce92e49f745ba2c2f",
                "sha256:7d077f2976b8f3de08a0dcf5d72083f4af5411e8fddacd662aae27baa2601196",
                "sha256:a4092682778dc48093e8bda8d26ee8360153e2047826f95a3f5eae09f0ae3abf",
                "sha256:b458de8624c9f6034af492372eb2fee41a8e605f03f4732f43fc099e227858b2",
                "sha256:e70fc8ff03a961f13363c2c95ef8285e0cf6a720f8271836f852cc0fa64e97c8",
                "sha256:ee8e9d7cad5fe6dde50ede0d2e978d81eafeaa6233fb0b8719f60214cf226578",
                "sha256:f4a4f6aba148858a5a5d546a99280f71f5ee6ec8182a7d195af1a914195b21a2"
            ],
            "version": "==1.17.2"
        },
        "pandas": {
            "hashes": [
                "sha256:18d91a9199d1dfaa01ad645f7540370ba630bdcef09daaf9edf45b4b1bca0232",
                "sha256:3f26e5da310a0c0b83ea50da1fd397de2640b02b424aa69be7e0784228f656c9",
                "sha256:4182e32f4456d2c64619e97c58571fa5ca0993d1e8c2d9ca44916185e1726e15",
                "sha256:426e590e2eb0e60f765271d668a30cf38b582eaae5ec9b31229c8c3c10c5bc21",
                "sha256:5eb934a8f0dc358f0e0cdf314072286bbac74e4c124b64371395e94644d5d919",
                "sha256:717928808043d3ea55b9bcde636d4a52d2236c246f6df464163a66ff59980ad8",
                "sha256:8145f97c5ed71827a6ec98ceaef35afed1377e2d19c4078f324d209ff253ecb5",
                "sha256:8744c84c914dcc59cbbb2943b32b7664df1039d99e834e1034a3372acb89ea4d",
                "sha256:c1ac1d9590d0c9314ebf01591bd40d4c03d710bfc84a3889e5263c97d7891dee",
                "sha256:cb2e197b7b0687becb026b84d3c242482f20cbb29a9981e43604eb67576da9f6",
                "sha256:d4001b71ad2c9b84ff18b182cea22b7b6cbf624216da3ea06fb7af28d1f93165",
                "sha256:d8930772adccb2882989ab1493fa74bd87d47c8ac7417f5dd3dd834ba8c24dc9",
                "sha256:dfbb0173ee2399bc4ed3caf2d236e5c0092f948aafd0a15fbe4a0e77ee61a958",
                "sha256:eebfbba048f4fa8ac711b22c78516e16ff8117d05a580e7eeef6b0c2be554c18",
                "sha256:f1b21bc5cf3dbea53d33615d1ead892dfdae9d7052fa8898083bec88be20dcd2"
            ],
            "index": "pypi",
            "version": "==0.25.1"
        },
        "python-dateutil": {
            "hashes": [
                "sha256:7e6584c74aeed623791615e26efd690f29817a27c73085b78e4bad02493df2fb",
                "sha256:c89805f6f4d64db21ed966fda138f8a5ed7a4fdbc1a8ee329ce1b74e3c74da9e"
            ],
            "version": "==2.8.0"
        },
        "pytz": {
            "hashes": [
                "sha256:26c0b32e437e54a18161324a2fca3c4b9846b74a8dccddd843113109e1116b32",
                "sha256:c894d57500a4cd2d5c71114aaab77dbab5eabd9022308ce5ac9bb93a60a6f0c7"
            ],
            "version": "==2019.2"
        },
        "scikit-learn": {
            "hashes": [
                "sha256:1ac81293d261747c25ea5a0ee8cd2bb1f3b5ba9ec05421a7f9f0feb4eb7c4116",
                "sha256:289361cf003d90b007f5066b27fcddc2d71324c82f1c88e316fedacb0dfdd516",
                "sha256:3a14d0abd4281fc3fd2149c486c3ec7cedad848b8d5f7b6f61522029d65a29f8",
                "sha256:5083a5e50d9d54548e4ada829598ae63a05651dd2bb319f821ffd9e8388384a6",
                "sha256:777cdd5c077b7ca9cb381396c81990cf41d2fa8350760d3cad3b4c460a7db644",
                "sha256:8bf2ff63da820d09b96b18e88f9625228457bff8df4618f6b087e12442ef9e15",
                "sha256:8d319b71c449627d178f21c57614e21747e54bb3fc9602b6f42906c3931aa320",
                "sha256:928050b65781fea9542dfe9bfe02d8c4f5530baa8472ec60782ea77347d2c836",
                "sha256:92c903613ff50e22aa95d589f9fff5deb6f34e79f7f21f609680087f137bb524",
                "sha256:ae322235def5ce8fae645b439e332e6f25d34bb90d6a6c8e261f17eb476457b7",
                "sha256:c1cd6b29eb1fd1cc672ac5e4a8be5f6ea936d094a3dc659ada0746d6fac750b1",
                "sha256:c41a6e2685d06bcdb0d26533af2540f54884d40db7e48baed6a5bcbf1a7cc642",
                "sha256:d07fcb0c0acbc043faa0e7cf4d2037f71193de3fb04fb8ed5c259b089af1cf5c",
                "sha256:d146d5443cda0a41f74276e42faf8c7f283fef49e8a853b832885239ef544e05",
                "sha256:eb2b7bed0a26ba5ce3700e15938b28a4f4513578d3e54a2156c29df19ac5fd01",
                "sha256:eb9b8ebf59eddd8b96366428238ab27d05a19e89c5516ce294abc35cea75d003"
            ],
            "version": "==0.21.3"
        },
        "scipy": {
            "hashes": [
                "sha256:0baa64bf42592032f6f6445a07144e355ca876b177f47ad8d0612901c9375bef",
                "sha256:243b04730d7223d2b844bda9500310eecc9eda0cba9ceaf0cde1839f8287dfa8",
                "sha256:2643cfb46d97b7797d1dbdb6f3c23fe3402904e3c90e6facfe6a9b98d808c1b5",
                "sha256:396eb4cdad421f846a1498299474f0a3752921229388f91f60dc3eda55a00488",
                "sha256:3ae3692616975d3c10aca6d574d6b4ff95568768d4525f76222fb60f142075b9",
                "sha256:435d19f80b4dcf67dc090cc04fde2c5c8a70b3372e64f6a9c58c5b806abfa5a8",
                "sha256:46a5e55850cfe02332998b3aef481d33f1efee1960fe6cfee0202c7dd6fc21ab",
                "sha256:75b513c462e58eeca82b22fc00f0d1875a37b12913eee9d979233349fce5c8b2",
                "sha256:7ccfa44a08226825126c4ef0027aa46a38c928a10f0a8a8483c80dd9f9a0ad44",
                "sha256:89dd6a6d329e3f693d1204d5562dd63af0fd7a17854ced17f9cbc37d5b853c8d",
                "sha256:a81da2fe32f4eab8b60d56ad43e44d93d392da228a77e229e59b51508a00299c",
                "sha256:a9d606d11eb2eec7ef893eb825017fbb6eef1e1d0b98a5b7fc11446ebeb2b9b1",
                "sha256:ac37eb652248e2d7cbbfd89619dce5ecfd27d657e714ed049d82f19b162e8d45",
                "sha256:cbc0611699e420774e945f6a4e2830f7ca2b3ee3483fca1aa659100049487dd5",
                "sha256:d02d813ec9958ed63b390ded463163685af6025cb2e9a226ec2c477df90c6957",
                "sha256:dd3b52e00f93fd1c86f2d78243dfb0d02743c94dd1d34ffea10055438e63b99d"
            ],
            "version": "==1.3.1"
        },
        "six": {
            "hashes": [
                "sha256:3350809f0555b11f552448330d0b52d5f24c91a322ea4a15ef22629740f3761c",
                "sha256:d16a0141ec1a18405cd4ce8b4613101da75da0e9a7aec5bdd4fa804d0e0eba73"
            ],
            "version": "==1.12.0"
        },
        "sklearn": {
            "hashes": [
                "sha256:e23001573aa194b834122d2b9562459bf5ae494a2d59ca6b8aa22c85a44c0e31"
            ],
            "index": "pypi",
            "version": "==0.0"
        }
    },
    "develop": {}
}
